// !$*UTF8*$!
{
	archiveVersion = 1;
	classes = {
	};
	objectVersion = 50;
	objects = {

/* Begin PBXBuildFile section */
		F642480D261039C7005D8FE5 /* emit.c in Sources */ = {isa = PBXBuildFile; fileRef = F642480B261039C7005D8FE5 /* emit.c */; };
		F67BBEAA24719FCE008B4A0A /* binding.c in Sources */ = {isa = PBXBuildFile; fileRef = F67BBEA924719FCE008B4A0A /* binding.c */; };
		F67BBEAD2471AFF0008B4A0A /* hidInformation.c in Sources */ = {isa = PBXBuildFile; fileRef = F67BBEAB2471AFF0008B4A0A /* hidInformation.c */; };
		F67BBEB32479CE2B008B4A0A /* macOSInternalKeyboard.c in Sources */ = {isa = PBXBuildFile; fileRef = F67BBEB22479CE2B008B4A0A /* macOSInternalKeyboard.c */; };
		F67BBEB62479CE49008B4A0A /* karabinerVirtualKeyboard.c in Sources */ = {isa = PBXBuildFile; fileRef = F67BBEB52479CE49008B4A0A /* karabinerVirtualKeyboard.c */; };
		F67BBEB82479DCBA008B4A0A /* main.c in Sources */ = {isa = PBXBuildFile; fileRef = F67BBEB72479DCBA008B4A0A /* main.c */; };
		F67BBEBC2479DF81008B4A0A /* config.c in Sources */ = {isa = PBXBuildFile; fileRef = F67BBEBB2479DF81008B4A0A /* config.c */; };
		F67BBEBF2479DFC1008B4A0A /* keys.c in Sources */ = {isa = PBXBuildFile; fileRef = F67BBEBE2479DFC1008B4A0A /* keys.c */; };
		F67BBEC22479E4E5008B4A0A /* touchcursor.c in Sources */ = {isa = PBXBuildFile; fileRef = F67BBEC12479E4E5008B4A0A /* touchcursor.c */; };
		F67BBEC52479E567008B4A0A /* queue.c in Sources */ = {isa = PBXBuildFile; fileRef = F67BBEC42479E567008B4A0A /* queue.c */; };
		F67C30FD2610F9A90038E7DA /* cgEventVirtualKeyboard.mm in Sources */ = {isa = PBXBuildFile; fileRef = F67C30FC2610F9A90038E7DA /* cgEventVirtualKeyboard.mm */; };
		F67C31002610FA870038E7DA /* Carbon.framework in Frameworks */ = {isa = PBXBuildFile; fileRef = F67C30FF2610FA870038E7DA /* Carbon.framework */; };
		F67C31032610FAA60038E7DA /* Foundation.framework in Frameworks */ = {isa = PBXBuildFile; fileRef = F67C31022610FAA60038E7DA /* Foundation.framework */; };
		F67C310E261186EC0038E7DA /* macOSInternalKeyboard.c in Sources */ = {isa = PBXBuildFile; fileRef = F67C310C261186EC0038E7DA /* macOSInternalKeyboard.c */; };
		F67C311326129CD50038E7DA /* Carbon.framework in Frameworks */ = {isa = PBXBuildFile; fileRef = F67C30FF2610FA870038E7DA /* Carbon.framework */; };
		F67C3116261909EF0038E7DA /* AppKit.framework in Frameworks */ = {isa = PBXBuildFile; fileRef = F67C3115261909EF0038E7DA /* AppKit.framework */; };
		F6EEF188235D303C003BBF2C /* IOKit.framework in Frameworks */ = {isa = PBXBuildFile; fileRef = F6EEF187235D303C003BBF2C /* IOKit.framework */; };
		F6EEF18B235D32C0003BBF2C /* stdarg.h in Sources */ = {isa = PBXBuildFile; fileRef = F6EEF18A235D32C0003BBF2C /* stdarg.h */; };
/* End PBXBuildFile section */

/* Begin PBXCopyFilesBuildPhase section */
		F665293A235D26B800F63895 /* CopyFiles */ = {
			isa = PBXCopyFilesBuildPhase;
			buildActionMask = 2147483647;
			dstPath = /usr/share/man/man1/;
			dstSubfolderSpec = 0;
			files = (
			);
			runOnlyForDeploymentPostprocessing = 1;
		};
/* End PBXCopyFilesBuildPhase section */

/* Begin PBXFileReference section */
		F642480B261039C7005D8FE5 /* emit.c */ = {isa = PBXFileReference; fileEncoding = 4; lastKnownFileType = sourcecode.c.c; path = emit.c; sourceTree = "<group>"; };
		F642480C261039C7005D8FE5 /* emit.h */ = {isa = PBXFileReference; fileEncoding = 4; lastKnownFileType = sourcecode.c.h; path = emit.h; sourceTree = "<group>"; };
		F665293C235D26B800F63895 /* touchcursor-mac */ = {isa = PBXFileReference; explicitFileType = "compiled.mach-o.executable"; includeInIndex = 0; path = "touchcursor-mac"; sourceTree = BUILT_PRODUCTS_DIR; };
		F67BBEA924719FCE008B4A0A /* binding.c */ = {isa = PBXFileReference; lastKnownFileType = sourcecode.c.c; path = binding.c; sourceTree = "<group>"; };
		F67BBEAB2471AFF0008B4A0A /* hidInformation.c */ = {isa = PBXFileReference; lastKnownFileType = sourcecode.c.c; path = hidInformation.c; sourceTree = "<group>"; };
		F67BBEAC2471AFF0008B4A0A /* hidInformation.h */ = {isa = PBXFileReference; lastKnownFileType = sourcecode.c.h; path = hidInformation.h; sourceTree = "<group>"; };
		F67BBEB12479CE2B008B4A0A /* macOSInternalKeyboard.h */ = {isa = PBXFileReference; lastKnownFileType = sourcecode.c.h; path = macOSInternalKeyboard.h; sourceTree = "<group>"; };
		F67BBEB22479CE2B008B4A0A /* macOSInternalKeyboard.c */ = {isa = PBXFileReference; lastKnownFileType = sourcecode.c.c; path = macOSInternalKeyboard.c; sourceTree = "<group>"; };
		F67BBEB42479CE49008B4A0A /* karabinerVirtualKeyboard.h */ = {isa = PBXFileReference; lastKnownFileType = sourcecode.c.h; path = karabinerVirtualKeyboard.h; sourceTree = "<group>"; };
		F67BBEB52479CE49008B4A0A /* karabinerVirtualKeyboard.c */ = {isa = PBXFileReference; lastKnownFileType = sourcecode.c.c; path = karabinerVirtualKeyboard.c; sourceTree = "<group>"; };
		F67BBEB72479DCBA008B4A0A /* main.c */ = {isa = PBXFileReference; lastKnownFileType = sourcecode.c.c; path = main.c; sourceTree = "<group>"; };
		F67BBEB92479DD26008B4A0A /* binding.h */ = {isa = PBXFileReference; fileEncoding = 4; lastKnownFileType = sourcecode.c.h; path = binding.h; sourceTree = "<group>"; };
		F67BBEBA2479DF81008B4A0A /* config.h */ = {isa = PBXFileReference; lastKnownFileType = sourcecode.c.h; path = config.h; sourceTree = "<group>"; };
		F67BBEBB2479DF81008B4A0A /* config.c */ = {isa = PBXFileReference; lastKnownFileType = sourcecode.c.c; path = config.c; sourceTree = "<group>"; };
		F67BBEBD2479DFC1008B4A0A /* keys.h */ = {isa = PBXFileReference; lastKnownFileType = sourcecode.c.h; path = keys.h; sourceTree = "<group>"; };
		F67BBEBE2479DFC1008B4A0A /* keys.c */ = {isa = PBXFileReference; lastKnownFileType = sourcecode.c.c; path = keys.c; sourceTree = "<group>"; };
		F67BBEC02479E4E5008B4A0A /* touchcursor.h */ = {isa = PBXFileReference; lastKnownFileType = sourcecode.c.h; path = touchcursor.h; sourceTree = "<group>"; };
		F67BBEC12479E4E5008B4A0A /* touchcursor.c */ = {isa = PBXFileReference; lastKnownFileType = sourcecode.c.c; path = touchcursor.c; sourceTree = "<group>"; };
		F67BBEC32479E567008B4A0A /* queue.h */ = {isa = PBXFileReference; lastKnownFileType = sourcecode.c.h; path = queue.h; sourceTree = "<group>"; };
		F67BBEC42479E567008B4A0A /* queue.c */ = {isa = PBXFileReference; lastKnownFileType = sourcecode.c.c; path = queue.c; sourceTree = "<group>"; };
		F67C30FB2610F9A90038E7DA /* cgEventVirtualKeyboard.h */ = {isa = PBXFileReference; fileEncoding = 4; lastKnownFileType = sourcecode.c.h; path = cgEventVirtualKeyboard.h; sourceTree = "<group>"; };
		F67C30FC2610F9A90038E7DA /* cgEventVirtualKeyboard.mm */ = {isa = PBXFileReference; fileEncoding = 4; lastKnownFileType = sourcecode.cpp.objcpp; path = cgEventVirtualKeyboard.mm; sourceTree = "<group>"; };
		F67C30FF2610FA870038E7DA /* Carbon.framework */ = {isa = PBXFileReference; lastKnownFileType = wrapper.framework; name = Carbon.framework; path = System/Library/Frameworks/Carbon.framework; sourceTree = SDKROOT; };
		F67C31022610FAA60038E7DA /* Foundation.framework */ = {isa = PBXFileReference; lastKnownFileType = wrapper.framework; name = Foundation.framework; path = System/Library/Frameworks/Foundation.framework; sourceTree = SDKROOT; };
		F67C310C261186EC0038E7DA /* macOSInternalKeyboard.c */ = {isa = PBXFileReference; fileEncoding = 4; lastKnownFileType = sourcecode.c.c; path = macOSInternalKeyboard.c; sourceTree = "<group>"; };
		F67C310D261186EC0038E7DA /* macOSInternalKeyboard.h */ = {isa = PBXFileReference; fileEncoding = 4; lastKnownFileType = sourcecode.c.h; path = macOSInternalKeyboard.h; sourceTree = "<group>"; };
		F67C311026118B340038E7DA /* README.md */ = {isa = PBXFileReference; fileEncoding = 4; lastKnownFileType = net.daringfireball.markdown; path = README.md; sourceTree = "<group>"; };
		F67C3115261909EF0038E7DA /* AppKit.framework */ = {isa = PBXFileReference; lastKnownFileType = wrapper.framework; name = AppKit.framework; path = System/Library/Frameworks/AppKit.framework; sourceTree = SDKROOT; };
		F6EEF187235D303C003BBF2C /* IOKit.framework */ = {isa = PBXFileReference; lastKnownFileType = wrapper.framework; name = IOKit.framework; path = System/Library/Frameworks/IOKit.framework; sourceTree = SDKROOT; };
		F6EEF18A235D32C0003BBF2C /* stdarg.h */ = {isa = PBXFileReference; lastKnownFileType = sourcecode.c.h; path = stdarg.h; sourceTree = "<group>"; };
/* End PBXFileReference section */

/* Begin PBXFrameworksBuildPhase section */
		F6652939235D26B800F63895 /* Frameworks */ = {
			isa = PBXFrameworksBuildPhase;
			buildActionMask = 2147483647;
			files = (
				F6EEF188235D303C003BBF2C /* IOKit.framework in Frameworks */,
				F67C311326129CD50038E7DA /* Carbon.framework in Frameworks */,
				F67C3116261909EF0038E7DA /* AppKit.framework in Frameworks */,
				F67C31032610FAA60038E7DA /* Foundation.framework in Frameworks */,
				F67C31002610FA870038E7DA /* Carbon.framework in Frameworks */,
			);
			runOnlyForDeploymentPostprocessing = 0;
		};
/* End PBXFrameworksBuildPhase section */

/* Begin PBXGroup section */
		F6652933235D26B800F63895 = {
			isa = PBXGroup;
			children = (
				F67C311026118B340038E7DA /* README.md */,
				F67C310B261186AC0038E7DA /* deprecated */,
				F6EEF189235D32A4003BBF2C /* lib */,
				F6EEF175235D2821003BBF2C /* src */,
				F665293D235D26B800F63895 /* Products */,
				F6EEF186235D303C003BBF2C /* Frameworks */,
			);
			sourceTree = "<group>";
		};
		F665293D235D26B800F63895 /* Products */ = {
			isa = PBXGroup;
			children = (
				F665293C235D26B800F63895 /* touchcursor-mac */,
			);
			name = Products;
			sourceTree = "<group>";
		};
		F67C310B261186AC0038E7DA /* deprecated */ = {
			isa = PBXGroup;
			children = (
				F67C310C261186EC0038E7DA /* macOSInternalKeyboard.c */,
				F67C310D261186EC0038E7DA /* macOSInternalKeyboard.h */,
				F67BBEB42479CE49008B4A0A /* karabinerVirtualKeyboard.h */,
				F67BBEB52479CE49008B4A0A /* karabinerVirtualKeyboard.c */,
			);
			path = deprecated;
			sourceTree = "<group>";
		};
		F6EEF175235D2821003BBF2C /* src */ = {
			isa = PBXGroup;
			children = (
				F67BBEA924719FCE008B4A0A /* binding.c */,
				F67BBEB92479DD26008B4A0A /* binding.h */,
				F67C30FC2610F9A90038E7DA /* cgEventVirtualKeyboard.mm */,
				F67C30FB2610F9A90038E7DA /* cgEventVirtualKeyboard.h */,
				F67BBEBB2479DF81008B4A0A /* config.c */,
				F67BBEBA2479DF81008B4A0A /* config.h */,
				F642480B261039C7005D8FE5 /* emit.c */,
				F642480C261039C7005D8FE5 /* emit.h */,
				F67BBEAB2471AFF0008B4A0A /* hidInformation.c */,
				F67BBEAC2471AFF0008B4A0A /* hidInformation.h */,
				F67BBEBE2479DFC1008B4A0A /* keys.c */,
				F67BBEBD2479DFC1008B4A0A /* keys.h */,
				F67BBEB22479CE2B008B4A0A /* macOSInternalKeyboard.c */,
				F67BBEB12479CE2B008B4A0A /* macOSInternalKeyboard.h */,
				F67BBEB72479DCBA008B4A0A /* main.c */,
				F67BBEC42479E567008B4A0A /* queue.c */,
				F67BBEC32479E567008B4A0A /* queue.h */,
				F67BBEC12479E4E5008B4A0A /* touchcursor.c */,
				F67BBEC02479E4E5008B4A0A /* touchcursor.h */,
			);
			path = src;
			sourceTree = "<group>";
		};
		F6EEF186235D303C003BBF2C /* Frameworks */ = {
			isa = PBXGroup;
			children = (
				F67C3115261909EF0038E7DA /* AppKit.framework */,
				F67C31022610FAA60038E7DA /* Foundation.framework */,
				F67C30FF2610FA870038E7DA /* Carbon.framework */,
				F6EEF187235D303C003BBF2C /* IOKit.framework */,
			);
			name = Frameworks;
			sourceTree = "<group>";
		};
		F6EEF189235D32A4003BBF2C /* lib */ = {
			isa = PBXGroup;
			children = (
				F6EEF18A235D32C0003BBF2C /* stdarg.h */,
			);
			path = lib;
			sourceTree = "<group>";
		};
/* End PBXGroup section */

/* Begin PBXNativeTarget section */
		F665293B235D26B800F63895 /* touchcursor-mac */ = {
			isa = PBXNativeTarget;
			buildConfigurationList = F6652943235D26B800F63895 /* Build configuration list for PBXNativeTarget "touchcursor-mac" */;
			buildPhases = (
				F6652938235D26B800F63895 /* Sources */,
				F6652939235D26B800F63895 /* Frameworks */,
				F665293A235D26B800F63895 /* CopyFiles */,
			);
			buildRules = (
			);
			dependencies = (
			);
			name = "touchcursor-mac";
			productName = "touchcursor-mac";
			productReference = F665293C235D26B800F63895 /* touchcursor-mac */;
			productType = "com.apple.product-type.tool";
		};
/* End PBXNativeTarget section */

/* Begin PBXProject section */
		F6652934235D26B800F63895 /* Project object */ = {
			isa = PBXProject;
			attributes = {
				LastUpgradeCheck = 1240;
				ORGANIZATIONNAME = donniebreve;
				TargetAttributes = {
					F665293B235D26B800F63895 = {
						CreatedOnToolsVersion = 11.1;
					};
				};
			};
			buildConfigurationList = F6652937235D26B800F63895 /* Build configuration list for PBXProject "touchcursor-mac" */;
			compatibilityVersion = "Xcode 9.3";
			developmentRegion = en;
			hasScannedForEncodings = 0;
			knownRegions = (
				en,
				Base,
			);
			mainGroup = F6652933235D26B800F63895;
			productRefGroup = F665293D235D26B800F63895 /* Products */;
			projectDirPath = "";
			projectRoot = "";
			targets = (
				F665293B235D26B800F63895 /* touchcursor-mac */,
			);
		};
/* End PBXProject section */

/* Begin PBXSourcesBuildPhase section */
		F6652938235D26B800F63895 /* Sources */ = {
			isa = PBXSourcesBuildPhase;
			buildActionMask = 2147483647;
			files = (
				F67C310E261186EC0038E7DA /* macOSInternalKeyboard.c in Sources */,
				F67BBEB62479CE49008B4A0A /* karabinerVirtualKeyboard.c in Sources */,
				F67BBEAA24719FCE008B4A0A /* binding.c in Sources */,
				F67BBEBC2479DF81008B4A0A /* config.c in Sources */,
				F67BBEC22479E4E5008B4A0A /* touchcursor.c in Sources */,
				F67BBEBF2479DFC1008B4A0A /* keys.c in Sources */,
				F67C30FD2610F9A90038E7DA /* cgEventVirtualKeyboard.mm in Sources */,
				F642480D261039C7005D8FE5 /* emit.c in Sources */,
				F67BBEB82479DCBA008B4A0A /* main.c in Sources */,
				F67BBEB32479CE2B008B4A0A /* macOSInternalKeyboard.c in Sources */,
				F67BBEC52479E567008B4A0A /* queue.c in Sources */,
				F6EEF18B235D32C0003BBF2C /* stdarg.h in Sources */,
				F67BBEAD2471AFF0008B4A0A /* hidInformation.c in Sources */,
			);
			runOnlyForDeploymentPostprocessing = 0;
		};
/* End PBXSourcesBuildPhase section */

/* Begin XCBuildConfiguration section */
		F6652941235D26B800F63895 /* Debug */ = {
			isa = XCBuildConfiguration;
			buildSettings = {
				ALWAYS_SEARCH_USER_PATHS = NO;
				CLANG_ANALYZER_NONNULL = YES;
				CLANG_ANALYZER_NUMBER_OBJECT_CONVERSION = YES_AGGRESSIVE;
				CLANG_CXX_LANGUAGE_STANDARD = "gnu++14";
				CLANG_CXX_LIBRARY = "libc++";
				CLANG_ENABLE_MODULES = YES;
				CLANG_ENABLE_OBJC_ARC = YES;
				CLANG_ENABLE_OBJC_WEAK = YES;
				CLANG_WARN_BLOCK_CAPTURE_AUTORELEASING = YES;
				CLANG_WARN_BOOL_CONVERSION = YES;
				CLANG_WARN_COMMA = YES;
				CLANG_WARN_CONSTANT_CONVERSION = YES;
				CLANG_WARN_DEPRECATED_OBJC_IMPLEMENTATIONS = YES;
				CLANG_WARN_DIRECT_OBJC_ISA_USAGE = YES_ERROR;
				CLANG_WARN_DOCUMENTATION_COMMENTS = YES;
				CLANG_WARN_EMPTY_BODY = YES;
				CLANG_WARN_ENUM_CONVERSION = YES;
				CLANG_WARN_INFINITE_RECURSION = YES;
				CLANG_WARN_INT_CONVERSION = YES;
				CLANG_WARN_NON_LITERAL_NULL_CONVERSION = YES;
				CLANG_WARN_OBJC_IMPLICIT_RETAIN_SELF = YES;
				CLANG_WARN_OBJC_LITERAL_CONVERSION = YES;
				CLANG_WARN_OBJC_ROOT_CLASS = YES_ERROR;
				CLANG_WARN_QUOTED_INCLUDE_IN_FRAMEWORK_HEADER = YES;
				CLANG_WARN_RANGE_LOOP_ANALYSIS = YES;
				CLANG_WARN_STRICT_PROTOTYPES = YES;
				CLANG_WARN_SUSPICIOUS_MOVE = YES;
				CLANG_WARN_UNGUARDED_AVAILABILITY = YES_AGGRESSIVE;
				CLANG_WARN_UNREACHABLE_CODE = YES;
				CLANG_WARN__DUPLICATE_METHOD_MATCH = YES;
				COPY_PHASE_STRIP = NO;
				DEBUG_INFORMATION_FORMAT = dwarf;
				ENABLE_STRICT_OBJC_MSGSEND = YES;
				ENABLE_TESTABILITY = YES;
				GCC_C_LANGUAGE_STANDARD = gnu11;
				GCC_DYNAMIC_NO_PIC = NO;
				GCC_NO_COMMON_BLOCKS = YES;
				GCC_OPTIMIZATION_LEVEL = 0;
				GCC_PREPROCESSOR_DEFINITIONS = (
					"DEBUG=1",
					"$(inherited)",
				);
				GCC_WARN_64_TO_32_BIT_CONVERSION = YES;
				GCC_WARN_ABOUT_RETURN_TYPE = YES_ERROR;
				GCC_WARN_UNDECLARED_SELECTOR = YES;
				GCC_WARN_UNINITIALIZED_AUTOS = YES_AGGRESSIVE;
				GCC_WARN_UNUSED_FUNCTION = YES;
				GCC_WARN_UNUSED_VARIABLE = YES;
				MACOSX_DEPLOYMENT_TARGET = 10.15;
				MTL_ENABLE_DEBUG_INFO = INCLUDE_SOURCE;
				MTL_FAST_MATH = YES;
				ONLY_ACTIVE_ARCH = YES;
				SDKROOT = macosx;
			};
			name = Debug;
		};
		F6652942235D26B800F63895 /* Release */ = {
			isa = XCBuildConfiguration;
			buildSettings = {
				ALWAYS_SEARCH_USER_PATHS = NO;
				CLANG_ANALYZER_NONNULL = YES;
				CLANG_ANALYZER_NUMBER_OBJECT_CONVERSION = YES_AGGRESSIVE;
				CLANG_CXX_LANGUAGE_STANDARD = "gnu++14";
				CLANG_CXX_LIBRARY = "libc++";
				CLANG_ENABLE_MODULES = YES;
				CLANG_ENABLE_OBJC_ARC = YES;
				CLANG_ENABLE_OBJC_WEAK = YES;
				CLANG_WARN_BLOCK_CAPTURE_AUTORELEASING = YES;
				CLANG_WARN_BOOL_CONVERSION = YES;
				CLANG_WARN_COMMA = YES;
				CLANG_WARN_CONSTANT_CONVERSION = YES;
				CLANG_WARN_DEPRECATED_OBJC_IMPLEMENTATIONS = YES;
				CLANG_WARN_DIRECT_OBJC_ISA_USAGE = YES_ERROR;
				CLANG_WARN_DOCUMENTATION_COMMENTS = YES;
				CLANG_WARN_EMPTY_BODY = YES;
				CLANG_WARN_ENUM_CONVERSION = YES;
				CLANG_WARN_INFINITE_RECURSION = YES;
				CLANG_WARN_INT_CONVERSION = YES;
				CLANG_WARN_NON_LITERAL_NULL_CONVERSION = YES;
				CLANG_WARN_OBJC_IMPLICIT_RETAIN_SELF = YES;
				CLANG_WARN_OBJC_LITERAL_CONVERSION = YES;
				CLANG_WARN_OBJC_ROOT_CLASS = YES_ERROR;
				CLANG_WARN_QUOTED_INCLUDE_IN_FRAMEWORK_HEADER = YES;
				CLANG_WARN_RANGE_LOOP_ANALYSIS = YES;
				CLANG_WARN_STRICT_PROTOTYPES = YES;
				CLANG_WARN_SUSPICIOUS_MOVE = YES;
				CLANG_WARN_UNGUARDED_AVAILABILITY = YES_AGGRESSIVE;
				CLANG_WARN_UNREACHABLE_CODE = YES;
				CLANG_WARN__DUPLICATE_METHOD_MATCH = YES;
				COPY_PHASE_STRIP = NO;
				DEBUG_INFORMATION_FORMAT = "dwarf-with-dsym";
				ENABLE_NS_ASSERTIONS = NO;
				ENABLE_STRICT_OBJC_MSGSEND = YES;
				GCC_C_LANGUAGE_STANDARD = gnu11;
				GCC_NO_COMMON_BLOCKS = YES;
				GCC_WARN_64_TO_32_BIT_CONVERSION = YES;
				GCC_WARN_ABOUT_RETURN_TYPE = YES_ERROR;
				GCC_WARN_UNDECLARED_SELECTOR = YES;
				GCC_WARN_UNINITIALIZED_AUTOS = YES_AGGRESSIVE;
				GCC_WARN_UNUSED_FUNCTION = YES;
				GCC_WARN_UNUSED_VARIABLE = YES;
				MACOSX_DEPLOYMENT_TARGET = 10.15;
				MTL_ENABLE_DEBUG_INFO = NO;
				MTL_FAST_MATH = YES;
				SDKROOT = macosx;
			};
			name = Release;
		};
		F6652944235D26B800F63895 /* Debug */ = {
			isa = XCBuildConfiguration;
			buildSettings = {
				CLANG_ENABLE_MODULES = NO;
				CODE_SIGN_ENTITLEMENTS = "";
				CODE_SIGN_IDENTITY = "-";
				CODE_SIGN_STYLE = Automatic;
				DEVELOPMENT_TEAM = "";
				ENABLE_HARDENED_RUNTIME = NO;
				PRODUCT_NAME = "$(TARGET_NAME)";
				PROVISIONING_PROFILE_SPECIFIER = "";
			};
			name = Debug;
		};
		F6652945235D26B800F63895 /* Release */ = {
			isa = XCBuildConfiguration;
			buildSettings = {
				CLANG_ENABLE_MODULES = NO;
				CODE_SIGN_ENTITLEMENTS = "";
				CODE_SIGN_IDENTITY = "-";
				CODE_SIGN_STYLE = Automatic;
				DEVELOPMENT_TEAM = "";
				ENABLE_HARDENED_RUNTIME = NO;
				PRODUCT_NAME = "$(TARGET_NAME)";
				PROVISIONING_PROFILE_SPECIFIER = "";
			};
			name = Release;
		};
/* End XCBuildConfiguration section */

/* Begin XCConfigurationList section */
		F6652937235D26B800F63895 /* Build configuration list for PBXProject "touchcursor-mac" */ = {
			isa = XCConfigurationList;
			buildConfigurations = (
				F6652941235D26B800F63895 /* Debug */,
				F6652942235D26B800F63895 /* Release */,
			);
			defaultConfigurationIsVisible = 0;
			defaultConfigurationName = Release;
		};
		F6652943235D26B800F63895 /* Build configuration list for PBXNativeTarget "touchcursor-mac" */ = {
			isa = XCConfigurationList;
			buildConfigurations = (
				F6652944235D26B800F63895 /* Debug */,
				F6652945235D26B800F63895 /* Release */,
			);
			defaultConfigurationIsVisible = 0;
			defaultConfigurationName = Release;
		};
/* End XCConfigurationList section */
	};
	rootObject = F6652934235D26B800F63895 /* Project object */;
}
